// !$*UTF8*$!
{
	archiveVersion = 1;
	classes = {
	};
	objectVersion = 48;
	objects = {

/* Begin PBXBuildFile section */
		5480BCFF200410EB00171C61 /* AppDelegate.swift in Sources */ = {isa = PBXBuildFile; fileRef = 5480BCFE200410EB00171C61 /* AppDelegate.swift */; };
		5480BD01200410EB00171C61 /* SignUpController.swift in Sources */ = {isa = PBXBuildFile; fileRef = 5480BD00200410EB00171C61 /* SignUpController.swift */; };
		5480BD04200410EB00171C61 /* Main.storyboard in Resources */ = {isa = PBXBuildFile; fileRef = 5480BD02200410EB00171C61 /* Main.storyboard */; };
		5480BD06200410EB00171C61 /* Assets.xcassets in Resources */ = {isa = PBXBuildFile; fileRef = 5480BD05200410EB00171C61 /* Assets.xcassets */; };
		5480BD09200410EB00171C61 /* LaunchScreen.storyboard in Resources */ = {isa = PBXBuildFile; fileRef = 5480BD07200410EB00171C61 /* LaunchScreen.storyboard */; };
		5480BD1220041F9100171C61 /* Extensions.swift in Sources */ = {isa = PBXBuildFile; fileRef = 5480BD1120041F9100171C61 /* Extensions.swift */; };
		5480BD1420042C4200171C61 /* GoogleService-Info.plist in Resources */ = {isa = PBXBuildFile; fileRef = 5480BD1320042C4200171C61 /* GoogleService-Info.plist */; };
		5480BD162004420B00171C61 /* MainTabBarController.swift in Sources */ = {isa = PBXBuildFile; fileRef = 5480BD152004420B00171C61 /* MainTabBarController.swift */; };
		5480BD182004422D00171C61 /* UserProfileController.swift in Sources */ = {isa = PBXBuildFile; fileRef = 5480BD172004422D00171C61 /* UserProfileController.swift */; };
		5480BD1B20044AAA00171C61 /* UserProfileHeader.swift in Sources */ = {isa = PBXBuildFile; fileRef = 5480BD1A20044AAA00171C61 /* UserProfileHeader.swift */; };
		5480BD1E2005D1CE00171C61 /* LoginController.swift in Sources */ = {isa = PBXBuildFile; fileRef = 5480BD1D2005D1CE00171C61 /* LoginController.swift */; };
		5480BD21200682B800171C61 /* PhotoSelectorController.swift in Sources */ = {isa = PBXBuildFile; fileRef = 5480BD20200682B800171C61 /* PhotoSelectorController.swift */; };
		5480BD2320068D7500171C61 /* PhotoSelectorCell.swift in Sources */ = {isa = PBXBuildFile; fileRef = 5480BD2220068D7500171C61 /* PhotoSelectorCell.swift */; };
		5480BD25200694C300171C61 /* PhotoSelectorHeader.swift in Sources */ = {isa = PBXBuildFile; fileRef = 5480BD24200694C300171C61 /* PhotoSelectorHeader.swift */; };
		5480BD2720069EDA00171C61 /* SharePhotoController.swift in Sources */ = {isa = PBXBuildFile; fileRef = 5480BD2620069EDA00171C61 /* SharePhotoController.swift */; };
		5480BD292006BA4800171C61 /* InstagramUser.swift in Sources */ = {isa = PBXBuildFile; fileRef = 5480BD282006BA4800171C61 /* InstagramUser.swift */; };
		5480BD2C2006BA7300171C61 /* Post.swift in Sources */ = {isa = PBXBuildFile; fileRef = 5480BD2B2006BA7300171C61 /* Post.swift */; };
		5480BD2E2006BC9300171C61 /* UserProfilePhotoCell.swift in Sources */ = {isa = PBXBuildFile; fileRef = 5480BD2D2006BC9300171C61 /* UserProfilePhotoCell.swift */; };
		5480BD302006D15800171C61 /* CustomImageView.swift in Sources */ = {isa = PBXBuildFile; fileRef = 5480BD2F2006D15800171C61 /* CustomImageView.swift */; };
		5480BD332006F6D700171C61 /* HomeController.swift in Sources */ = {isa = PBXBuildFile; fileRef = 5480BD322006F6D700171C61 /* HomeController.swift */; };
		5480BD352006F74D00171C61 /* HomePostCell.swift in Sources */ = {isa = PBXBuildFile; fileRef = 5480BD342006F74D00171C61 /* HomePostCell.swift */; };
		5480BD372008582800171C61 /* FirebaseExtensions.swift in Sources */ = {isa = PBXBuildFile; fileRef = 5480BD362008582800171C61 /* FirebaseExtensions.swift */; };
		5480BD3A2009F2F600171C61 /* UserSearchController.swift in Sources */ = {isa = PBXBuildFile; fileRef = 5480BD392009F2F600171C61 /* UserSearchController.swift */; };
		5480BD3C2009F30500171C61 /* UserSearchCell.swift in Sources */ = {isa = PBXBuildFile; fileRef = 5480BD3B2009F30500171C61 /* UserSearchCell.swift */; };
		54EEC233201832C800B15D0A /* CameraController.swift in Sources */ = {isa = PBXBuildFile; fileRef = 54EEC232201832C800B15D0A /* CameraController.swift */; };
		54EEC2352019383400B15D0A /* PreviewPhotoContainerView.swift in Sources */ = {isa = PBXBuildFile; fileRef = 54EEC2342019383400B15D0A /* PreviewPhotoContainerView.swift */; };
		54EEC237201940F200B15D0A /* CustomAnimationPresenter.swift in Sources */ = {isa = PBXBuildFile; fileRef = 54EEC236201940F200B15D0A /* CustomAnimationPresenter.swift */; };
		54EEC2392019428900B15D0A /* CustomAnimationDismisser.swift in Sources */ = {isa = PBXBuildFile; fileRef = 54EEC2382019428900B15D0A /* CustomAnimationDismisser.swift */; };
		9FA83569F011896437C787D4 /* Pods_Instagram_Clone.framework in Frameworks */ = {isa = PBXBuildFile; fileRef = 91D606726472DA1EF4F929EA /* Pods_Instagram_Clone.framework */; };
/* End PBXBuildFile section */

/* Begin PBXFileReference section */
		2C3A9F31DF931F5DE130E874 /* Pods-Instagram-Clone.release.xcconfig */ = {isa = PBXFileReference; includeInIndex = 1; lastKnownFileType = text.xcconfig; name = "Pods-Instagram-Clone.release.xcconfig"; path = "Pods/Target Support Files/Pods-Instagram-Clone/Pods-Instagram-Clone.release.xcconfig"; sourceTree = "<group>"; };
		5480BCFB200410EB00171C61 /* Instagram-Clone.app */ = {isa = PBXFileReference; explicitFileType = wrapper.application; includeInIndex = 0; path = "Instagram-Clone.app"; sourceTree = BUILT_PRODUCTS_DIR; };
		5480BCFE200410EB00171C61 /* AppDelegate.swift */ = {isa = PBXFileReference; lastKnownFileType = sourcecode.swift; path = AppDelegate.swift; sourceTree = "<group>"; };
		5480BD00200410EB00171C61 /* SignUpController.swift */ = {isa = PBXFileReference; lastKnownFileType = sourcecode.swift; path = SignUpController.swift; sourceTree = "<group>"; };
		5480BD03200410EB00171C61 /* Base */ = {isa = PBXFileReference; lastKnownFileType = file.storyboard; name = Base; path = Base.lproj/Main.storyboard; sourceTree = "<group>"; };
		5480BD05200410EB00171C61 /* Assets.xcassets */ = {isa = PBXFileReference; lastKnownFileType = folder.assetcatalog; path = Assets.xcassets; sourceTree = "<group>"; };
		5480BD08200410EB00171C61 /* Base */ = {isa = PBXFileReference; lastKnownFileType = file.storyboard; name = Base; path = Base.lproj/LaunchScreen.storyboard; sourceTree = "<group>"; };
		5480BD0A200410EB00171C61 /* Info.plist */ = {isa = PBXFileReference; lastKnownFileType = text.plist.xml; path = Info.plist; sourceTree = "<group>"; };
		5480BD1120041F9100171C61 /* Extensions.swift */ = {isa = PBXFileReference; lastKnownFileType = sourcecode.swift; path = Extensions.swift; sourceTree = "<group>"; };
		5480BD1320042C4200171C61 /* GoogleService-Info.plist */ = {isa = PBXFileReference; fileEncoding = 4; lastKnownFileType = text.plist.xml; path = "GoogleService-Info.plist"; sourceTree = "<group>"; };
		5480BD152004420B00171C61 /* MainTabBarController.swift */ = {isa = PBXFileReference; lastKnownFileType = sourcecode.swift; path = MainTabBarController.swift; sourceTree = "<group>"; };
		5480BD172004422D00171C61 /* UserProfileController.swift */ = {isa = PBXFileReference; lastKnownFileType = sourcecode.swift; path = UserProfileController.swift; sourceTree = "<group>"; };
		5480BD1A20044AAA00171C61 /* UserProfileHeader.swift */ = {isa = PBXFileReference; lastKnownFileType = sourcecode.swift; path = UserProfileHeader.swift; sourceTree = "<group>"; };
		5480BD1D2005D1CE00171C61 /* LoginController.swift */ = {isa = PBXFileReference; lastKnownFileType = sourcecode.swift; path = LoginController.swift; sourceTree = "<group>"; };
		5480BD20200682B800171C61 /* PhotoSelectorController.swift */ = {isa = PBXFileReference; lastKnownFileType = sourcecode.swift; path = PhotoSelectorController.swift; sourceTree = "<group>"; };
		5480BD2220068D7500171C61 /* PhotoSelectorCell.swift */ = {isa = PBXFileReference; lastKnownFileType = sourcecode.swift; path = PhotoSelectorCell.swift; sourceTree = "<group>"; };
		5480BD24200694C300171C61 /* PhotoSelectorHeader.swift */ = {isa = PBXFileReference; lastKnownFileType = sourcecode.swift; path = PhotoSelectorHeader.swift; sourceTree = "<group>"; };
		5480BD2620069EDA00171C61 /* SharePhotoController.swift */ = {isa = PBXFileReference; lastKnownFileType = sourcecode.swift; path = SharePhotoController.swift; sourceTree = "<group>"; };
		5480BD282006BA4800171C61 /* InstagramUser.swift */ = {isa = PBXFileReference; lastKnownFileType = sourcecode.swift; path = InstagramUser.swift; sourceTree = "<group>"; };
		5480BD2B2006BA7300171C61 /* Post.swift */ = {isa = PBXFileReference; lastKnownFileType = sourcecode.swift; path = Post.swift; sourceTree = "<group>"; };
		5480BD2D2006BC9300171C61 /* UserProfilePhotoCell.swift */ = {isa = PBXFileReference; lastKnownFileType = sourcecode.swift; path = UserProfilePhotoCell.swift; sourceTree = "<group>"; };
		5480BD2F2006D15800171C61 /* CustomImageView.swift */ = {isa = PBXFileReference; lastKnownFileType = sourcecode.swift; path = CustomImageView.swift; sourceTree = "<group>"; };
		5480BD322006F6D700171C61 /* HomeController.swift */ = {isa = PBXFileReference; lastKnownFileType = sourcecode.swift; path = HomeController.swift; sourceTree = "<group>"; };
		5480BD342006F74D00171C61 /* HomePostCell.swift */ = {isa = PBXFileReference; lastKnownFileType = sourcecode.swift; path = HomePostCell.swift; sourceTree = "<group>"; };
		5480BD362008582800171C61 /* FirebaseExtensions.swift */ = {isa = PBXFileReference; lastKnownFileType = sourcecode.swift; path = FirebaseExtensions.swift; sourceTree = "<group>"; };
		5480BD392009F2F600171C61 /* UserSearchController.swift */ = {isa = PBXFileReference; lastKnownFileType = sourcecode.swift; path = UserSearchController.swift; sourceTree = "<group>"; };
		5480BD3B2009F30500171C61 /* UserSearchCell.swift */ = {isa = PBXFileReference; lastKnownFileType = sourcecode.swift; path = UserSearchCell.swift; sourceTree = "<group>"; };
		54EEC232201832C800B15D0A /* CameraController.swift */ = {isa = PBXFileReference; lastKnownFileType = sourcecode.swift; path = CameraController.swift; sourceTree = "<group>"; };
		54EEC2342019383400B15D0A /* PreviewPhotoContainerView.swift */ = {isa = PBXFileReference; lastKnownFileType = sourcecode.swift; path = PreviewPhotoContainerView.swift; sourceTree = "<group>"; };
		54EEC236201940F200B15D0A /* CustomAnimationPresenter.swift */ = {isa = PBXFileReference; lastKnownFileType = sourcecode.swift; path = CustomAnimationPresenter.swift; sourceTree = "<group>"; };
		54EEC2382019428900B15D0A /* CustomAnimationDismisser.swift */ = {isa = PBXFileReference; lastKnownFileType = sourcecode.swift; path = CustomAnimationDismisser.swift; sourceTree = "<group>"; };
		91D606726472DA1EF4F929EA /* Pods_Instagram_Clone.framework */ = {isa = PBXFileReference; explicitFileType = wrapper.framework; includeInIndex = 0; path = Pods_Instagram_Clone.framework; sourceTree = BUILT_PRODUCTS_DIR; };
		A2D4A7C88D1AA842C58CBCF1 /* Pods-Instagram-Clone.debug.xcconfig */ = {isa = PBXFileReference; includeInIndex = 1; lastKnownFileType = text.xcconfig; name = "Pods-Instagram-Clone.debug.xcconfig"; path = "Pods/Target Support Files/Pods-Instagram-Clone/Pods-Instagram-Clone.debug.xcconfig"; sourceTree = "<group>"; };
/* End PBXFileReference section */

/* Begin PBXFrameworksBuildPhase section */
		5480BCF8200410EB00171C61 /* Frameworks */ = {
			isa = PBXFrameworksBuildPhase;
			buildActionMask = 2147483647;
			files = (
				9FA83569F011896437C787D4 /* Pods_Instagram_Clone.framework in Frameworks */,
			);
			runOnlyForDeploymentPostprocessing = 0;
		};
/* End PBXFrameworksBuildPhase section */

/* Begin PBXGroup section */
		5480BCF2200410EB00171C61 = {
			isa = PBXGroup;
			children = (
				5480BCFD200410EB00171C61 /* Instagram-Clone */,
				5480BCFC200410EB00171C61 /* Products */,
				7A2B8E05B7D71609E08CFCFB /* Pods */,
				609D1FB155B636188EA64BA2 /* Frameworks */,
			);
			sourceTree = "<group>";
		};
		5480BCFC200410EB00171C61 /* Products */ = {
			isa = PBXGroup;
			children = (
				5480BCFB200410EB00171C61 /* Instagram-Clone.app */,
			);
			name = Products;
			sourceTree = "<group>";
		};
		5480BCFD200410EB00171C61 /* Instagram-Clone */ = {
			isa = PBXGroup;
			children = (
				54EEC231201832B900B15D0A /* Camera */,
				5480BD382009F2E800171C61 /* Search */,
				5480BD312006F6AA00171C61 /* Home */,
				5480BD2A2006BA6300171C61 /* Models */,
				5480BD1F200682A300171C61 /* PhotoSelection */,
				5480BD1C2005D18D00171C61 /* Login */,
				5480BD1920044A9700171C61 /* UserProfile */,
				5480BD1020041F8500171C61 /* Utilities */,
				5480BCFE200410EB00171C61 /* AppDelegate.swift */,
				5480BD152004420B00171C61 /* MainTabBarController.swift */,
				5480BD02200410EB00171C61 /* Main.storyboard */,
				5480BD05200410EB00171C61 /* Assets.xcassets */,
				5480BD07200410EB00171C61 /* LaunchScreen.storyboard */,
				5480BD0A200410EB00171C61 /* Info.plist */,
				5480BD1320042C4200171C61 /* GoogleService-Info.plist */,
			);
			path = "Instagram-Clone";
			sourceTree = "<group>";
		};
		5480BD1020041F8500171C61 /* Utilities */ = {
			isa = PBXGroup;
			children = (
				5480BD1120041F9100171C61 /* Extensions.swift */,
				5480BD2F2006D15800171C61 /* CustomImageView.swift */,
				5480BD362008582800171C61 /* FirebaseExtensions.swift */,
			);
			path = Utilities;
			sourceTree = "<group>";
		};
		5480BD1920044A9700171C61 /* UserProfile */ = {
			isa = PBXGroup;
			children = (
				5480BD172004422D00171C61 /* UserProfileController.swift */,
				5480BD1A20044AAA00171C61 /* UserProfileHeader.swift */,
				5480BD2D2006BC9300171C61 /* UserProfilePhotoCell.swift */,
			);
			path = UserProfile;
			sourceTree = "<group>";
		};
		5480BD1C2005D18D00171C61 /* Login */ = {
			isa = PBXGroup;
			children = (
				5480BD00200410EB00171C61 /* SignUpController.swift */,
				5480BD1D2005D1CE00171C61 /* LoginController.swift */,
			);
			path = Login;
			sourceTree = "<group>";
		};
		5480BD1F200682A300171C61 /* PhotoSelection */ = {
			isa = PBXGroup;
			children = (
				5480BD20200682B800171C61 /* PhotoSelectorController.swift */,
				5480BD2220068D7500171C61 /* PhotoSelectorCell.swift */,
				5480BD24200694C300171C61 /* PhotoSelectorHeader.swift */,
				5480BD2620069EDA00171C61 /* SharePhotoController.swift */,
			);
			path = PhotoSelection;
			sourceTree = "<group>";
		};
		5480BD2A2006BA6300171C61 /* Models */ = {
			isa = PBXGroup;
			children = (
				5480BD282006BA4800171C61 /* InstagramUser.swift */,
				5480BD2B2006BA7300171C61 /* Post.swift */,
			);
			path = Models;
			sourceTree = "<group>";
		};
		5480BD312006F6AA00171C61 /* Home */ = {
			isa = PBXGroup;
			children = (
				5480BD322006F6D700171C61 /* HomeController.swift */,
				5480BD342006F74D00171C61 /* HomePostCell.swift */,
			);
			path = Home;
			sourceTree = "<group>";
		};
		5480BD382009F2E800171C61 /* Search */ = {
			isa = PBXGroup;
			children = (
				5480BD392009F2F600171C61 /* UserSearchController.swift */,
				5480BD3B2009F30500171C61 /* UserSearchCell.swift */,
			);
			path = Search;
			sourceTree = "<group>";
		};
		54EEC231201832B900B15D0A /* Camera */ = {
			isa = PBXGroup;
			children = (
				54EEC232201832C800B15D0A /* CameraController.swift */,
				54EEC2342019383400B15D0A /* PreviewPhotoContainerView.swift */,
				54EEC236201940F200B15D0A /* CustomAnimationPresenter.swift */,
				54EEC2382019428900B15D0A /* CustomAnimationDismisser.swift */,
			);
			path = Camera;
			sourceTree = "<group>";
		};
		609D1FB155B636188EA64BA2 /* Frameworks */ = {
			isa = PBXGroup;
			children = (
				91D606726472DA1EF4F929EA /* Pods_Instagram_Clone.framework */,
			);
			name = Frameworks;
			sourceTree = "<group>";
		};
		7A2B8E05B7D71609E08CFCFB /* Pods */ = {
			isa = PBXGroup;
			children = (
				A2D4A7C88D1AA842C58CBCF1 /* Pods-Instagram-Clone.debug.xcconfig */,
				2C3A9F31DF931F5DE130E874 /* Pods-Instagram-Clone.release.xcconfig */,
			);
			name = Pods;
			sourceTree = "<group>";
		};
/* End PBXGroup section */

/* Begin PBXNativeTarget section */
		5480BCFA200410EB00171C61 /* Instagram-Clone */ = {
			isa = PBXNativeTarget;
			buildConfigurationList = 5480BD0D200410EB00171C61 /* Build configuration list for PBXNativeTarget "Instagram-Clone" */;
			buildPhases = (
				DEE8F30C5DBCB6A4491A94B2 /* [CP] Check Pods Manifest.lock */,
				5480BCF7200410EB00171C61 /* Sources */,
				5480BCF8200410EB00171C61 /* Frameworks */,
				5480BCF9200410EB00171C61 /* Resources */,
				EBA902A260E0D0A245045D8C /* [CP] Embed Pods Frameworks */,
				994C55BC71FF6D23A637F304 /* [CP] Copy Pods Resources */,
			);
			buildRules = (
			);
			dependencies = (
			);
			name = "Instagram-Clone";
			productName = "Instagram-Clone";
			productReference = 5480BCFB200410EB00171C61 /* Instagram-Clone.app */;
			productType = "com.apple.product-type.application";
		};
/* End PBXNativeTarget section */

/* Begin PBXProject section */
		5480BCF3200410EB00171C61 /* Project object */ = {
			isa = PBXProject;
			attributes = {
				LastSwiftUpdateCheck = 0920;
				LastUpgradeCheck = 0920;
				ORGANIZATIONNAME = "Inam Ahmad-zada";
				TargetAttributes = {
					5480BCFA200410EB00171C61 = {
						CreatedOnToolsVersion = 9.2;
						ProvisioningStyle = Automatic;
					};
				};
			};
			buildConfigurationList = 5480BCF6200410EB00171C61 /* Build configuration list for PBXProject "Instagram-Clone" */;
			compatibilityVersion = "Xcode 8.0";
			developmentRegion = en;
			hasScannedForEncodings = 0;
			knownRegions = (
				en,
				Base,
			);
			mainGroup = 5480BCF2200410EB00171C61;
			productRefGroup = 5480BCFC200410EB00171C61 /* Products */;
			projectDirPath = "";
			projectRoot = "";
			targets = (
				5480BCFA200410EB00171C61 /* Instagram-Clone */,
			);
		};
/* End PBXProject section */

/* Begin PBXResourcesBuildPhase section */
		5480BCF9200410EB00171C61 /* Resources */ = {
			isa = PBXResourcesBuildPhase;
			buildActionMask = 2147483647;
			files = (
				5480BD09200410EB00171C61 /* LaunchScreen.storyboard in Resources */,
				5480BD1420042C4200171C61 /* GoogleService-Info.plist in Resources */,
				5480BD06200410EB00171C61 /* Assets.xcassets in Resources */,
				5480BD04200410EB00171C61 /* Main.storyboard in Resources */,
			);
			runOnlyForDeploymentPostprocessing = 0;
		};
/* End PBXResourcesBuildPhase section */

/* Begin PBXShellScriptBuildPhase section */
		994C55BC71FF6D23A637F304 /* [CP] Copy Pods Resources */ = {
			isa = PBXShellScriptBuildPhase;
			buildActionMask = 2147483647;
			files = (
			);
			inputPaths = (
			);
			name = "[CP] Copy Pods Resources";
			outputPaths = (
			);
			runOnlyForDeploymentPostprocessing = 0;
			shellPath = /bin/sh;
			shellScript = "\"${SRCROOT}/Pods/Target Support Files/Pods-Instagram-Clone/Pods-Instagram-Clone-resources.sh\"\n";
			showEnvVarsInLog = 0;
		};
		DEE8F30C5DBCB6A4491A94B2 /* [CP] Check Pods Manifest.lock */ = {
			isa = PBXShellScriptBuildPhase;
			buildActionMask = 2147483647;
			files = (
			);
			inputPaths = (
				"${PODS_PODFILE_DIR_PATH}/Podfile.lock",
				"${PODS_ROOT}/Manifest.lock",
			);
			name = "[CP] Check Pods Manifest.lock";
			outputPaths = (
				"$(DERIVED_FILE_DIR)/Pods-Instagram-Clone-checkManifestLockResult.txt",
			);
			runOnlyForDeploymentPostprocessing = 0;
			shellPath = /bin/sh;
			shellScript = "diff \"${PODS_PODFILE_DIR_PATH}/Podfile.lock\" \"${PODS_ROOT}/Manifest.lock\" > /dev/null\nif [ $? != 0 ] ; then\n    # print error to STDERR\n    echo \"error: The sandbox is not in sync with the Podfile.lock. Run 'pod install' or update your CocoaPods installation.\" >&2\n    exit 1\nfi\n# This output is used by Xcode 'outputs' to avoid re-running this script phase.\necho \"SUCCESS\" > \"${SCRIPT_OUTPUT_FILE_0}\"\n";
			showEnvVarsInLog = 0;
		};
		EBA902A260E0D0A245045D8C /* [CP] Embed Pods Frameworks */ = {
			isa = PBXShellScriptBuildPhase;
			buildActionMask = 2147483647;
			files = (
			);
			inputPaths = (
				"${SRCROOT}/Pods/Target Support Files/Pods-Instagram-Clone/Pods-Instagram-Clone-frameworks.sh",
				"${BUILT_PRODUCTS_DIR}/GTMSessionFetcher/GTMSessionFetcher.framework",
				"${BUILT_PRODUCTS_DIR}/GoogleToolboxForMac/GoogleToolboxForMac.framework",
				"${BUILT_PRODUCTS_DIR}/leveldb-library/leveldb.framework",
				"${BUILT_PRODUCTS_DIR}/nanopb/nanopb.framework",
			);
			name = "[CP] Embed Pods Frameworks";
			outputPaths = (
				"${TARGET_BUILD_DIR}/${FRAMEWORKS_FOLDER_PATH}/GTMSessionFetcher.framework",
				"${TARGET_BUILD_DIR}/${FRAMEWORKS_FOLDER_PATH}/GoogleToolboxForMac.framework",
				"${TARGET_BUILD_DIR}/${FRAMEWORKS_FOLDER_PATH}/leveldb.framework",
				"${TARGET_BUILD_DIR}/${FRAMEWORKS_FOLDER_PATH}/nanopb.framework",
			);
			runOnlyForDeploymentPostprocessing = 0;
			shellPath = /bin/sh;
			shellScript = "\"${SRCROOT}/Pods/Target Support Files/Pods-Instagram-Clone/Pods-Instagram-Clone-frameworks.sh\"\n";
			showEnvVarsInLog = 0;
		};
/* End PBXShellScriptBuildPhase section */

/* Begin PBXSourcesBuildPhase section */
		5480BCF7200410EB00171C61 /* Sources */ = {
			isa = PBXSourcesBuildPhase;
			buildActionMask = 2147483647;
			files = (
				5480BD3C2009F30500171C61 /* UserSearchCell.swift in Sources */,
				5480BD2720069EDA00171C61 /* SharePhotoController.swift in Sources */,
				5480BD352006F74D00171C61 /* HomePostCell.swift in Sources */,
				5480BD01200410EB00171C61 /* SignUpController.swift in Sources */,
				5480BD2320068D7500171C61 /* PhotoSelectorCell.swift in Sources */,
				5480BD372008582800171C61 /* FirebaseExtensions.swift in Sources */,
				54EEC237201940F200B15D0A /* CustomAnimationPresenter.swift in Sources */,
				5480BD1220041F9100171C61 /* Extensions.swift in Sources */,
				5480BD3A2009F2F600171C61 /* UserSearchController.swift in Sources */,
				5480BD302006D15800171C61 /* CustomImageView.swift in Sources */,
				54EEC233201832C800B15D0A /* CameraController.swift in Sources */,
				5480BD2C2006BA7300171C61 /* Post.swift in Sources */,
				5480BD162004420B00171C61 /* MainTabBarController.swift in Sources */,
				5480BD1B20044AAA00171C61 /* UserProfileHeader.swift in Sources */,
				5480BD182004422D00171C61 /* UserProfileController.swift in Sources */,
				54EEC2392019428900B15D0A /* CustomAnimationDismisser.swift in Sources */,
				5480BD292006BA4800171C61 /* InstagramUser.swift in Sources */,
				5480BCFF200410EB00171C61 /* AppDelegate.swift in Sources */,
				54EEC2352019383400B15D0A /* PreviewPhotoContainerView.swift in Sources */,
				5480BD1E2005D1CE00171C61 /* LoginController.swift in Sources */,
				5480BD332006F6D700171C61 /* HomeController.swift in Sources */,
				5480BD2E2006BC9300171C61 /* UserProfilePhotoCell.swift in Sources */,
				5480BD25200694C300171C61 /* PhotoSelectorHeader.swift in Sources */,
				5480BD21200682B800171C61 /* PhotoSelectorController.swift in Sources */,
			);
			runOnlyForDeploymentPostprocessing = 0;
		};
/* End PBXSourcesBuildPhase section */

/* Begin PBXVariantGroup section */
		5480BD02200410EB00171C61 /* Main.storyboard */ = {
			isa = PBXVariantGroup;
			children = (
				5480BD03200410EB00171C61 /* Base */,
			);
			name = Main.storyboard;
			sourceTree = "<group>";
		};
		5480BD07200410EB00171C61 /* LaunchScreen.storyboard */ = {
			isa = PBXVariantGroup;
			children = (
				5480BD08200410EB00171C61 /* Base */,
			);
			name = LaunchScreen.storyboard;
			sourceTree = "<group>";
		};
/* End PBXVariantGroup section */

/* Begin XCBuildConfiguration section */
		5480BD0B200410EB00171C61 /* Debug */ = {
			isa = XCBuildConfiguration;
			buildSettings = {
				ALWAYS_SEARCH_USER_PATHS = NO;
				CLANG_ANALYZER_NONNULL = YES;
				CLANG_ANALYZER_NUMBER_OBJECT_CONVERSION = YES_AGGRESSIVE;
				CLANG_CXX_LANGUAGE_STANDARD = "gnu++14";
				CLANG_CXX_LIBRARY = "libc++";
				CLANG_ENABLE_MODULES = YES;
				CLANG_ENABLE_OBJC_ARC = YES;
				CLANG_WARN_BLOCK_CAPTURE_AUTORELEASING = YES;
				CLANG_WARN_BOOL_CONVERSION = YES;
				CLANG_WARN_COMMA = YES;
				CLANG_WARN_CONSTANT_CONVERSION = YES;
				CLANG_WARN_DIRECT_OBJC_ISA_USAGE = YES_ERROR;
				CLANG_WARN_DOCUMENTATION_COMMENTS = YES;
				CLANG_WARN_EMPTY_BODY = YES;
				CLANG_WARN_ENUM_CONVERSION = YES;
				CLANG_WARN_INFINITE_RECURSION = YES;
				CLANG_WARN_INT_CONVERSION = YES;
				CLANG_WARN_NON_LITERAL_NULL_CONVERSION = YES;
				CLANG_WARN_OBJC_LITERAL_CONVERSION = YES;
				CLANG_WARN_OBJC_ROOT_CLASS = YES_ERROR;
				CLANG_WARN_RANGE_LOOP_ANALYSIS = YES;
				CLANG_WARN_STRICT_PROTOTYPES = YES;
				CLANG_WARN_SUSPICIOUS_MOVE = YES;
				CLANG_WARN_UNGUARDED_AVAILABILITY = YES_AGGRESSIVE;
				CLANG_WARN_UNREACHABLE_CODE = YES;
				CLANG_WARN__DUPLICATE_METHOD_MATCH = YES;
				CODE_SIGN_IDENTITY = "iPhone Developer";
				COPY_PHASE_STRIP = NO;
				DEBUG_INFORMATION_FORMAT = dwarf;
				ENABLE_STRICT_OBJC_MSGSEND = YES;
				ENABLE_TESTABILITY = YES;
				GCC_C_LANGUAGE_STANDARD = gnu11;
				GCC_DYNAMIC_NO_PIC = NO;
				GCC_NO_COMMON_BLOCKS = YES;
				GCC_OPTIMIZATION_LEVEL = 0;
				GCC_PREPROCESSOR_DEFINITIONS = (
					"DEBUG=1",
					"$(inherited)",
				);
				GCC_WARN_64_TO_32_BIT_CONVERSION = YES;
				GCC_WARN_ABOUT_RETURN_TYPE = YES_ERROR;
				GCC_WARN_UNDECLARED_SELECTOR = YES;
				GCC_WARN_UNINITIALIZED_AUTOS = YES_AGGRESSIVE;
				GCC_WARN_UNUSED_FUNCTION = YES;
				GCC_WARN_UNUSED_VARIABLE = YES;
				IPHONEOS_DEPLOYMENT_TARGET = 11.2;
				MTL_ENABLE_DEBUG_INFO = YES;
				ONLY_ACTIVE_ARCH = YES;
				SDKROOT = iphoneos;
				SWIFT_ACTIVE_COMPILATION_CONDITIONS = DEBUG;
				SWIFT_OPTIMIZATION_LEVEL = "-Onone";
			};
			name = Debug;
		};
		5480BD0C200410EB00171C61 /* Release */ = {
			isa = XCBuildConfiguration;
			buildSettings = {
				ALWAYS_SEARCH_USER_PATHS = NO;
				CLANG_ANALYZER_NONNULL = YES;
				CLANG_ANALYZER_NUMBER_OBJECT_CONVERSION = YES_AGGRESSIVE;
				CLANG_CXX_LANGUAGE_STANDARD = "gnu++14";
				CLANG_CXX_LIBRARY = "libc++";
				CLANG_ENABLE_MODULES = YES;
				CLANG_ENABLE_OBJC_ARC = YES;
				CLANG_WARN_BLOCK_CAPTURE_AUTORELEASING = YES;
				CLANG_WARN_BOOL_CONVERSION = YES;
				CLANG_WARN_COMMA = YES;
				CLANG_WARN_CONSTANT_CONVERSION = YES;
				CLANG_WARN_DIRECT_OBJC_ISA_USAGE = YES_ERROR;
				CLANG_WARN_DOCUMENTATION_COMMENTS = YES;
				CLANG_WARN_EMPTY_BODY = YES;
				CLANG_WARN_ENUM_CONVERSION = YES;
				CLANG_WARN_INFINITE_RECURSION = YES;
				CLANG_WARN_INT_CONVERSION = YES;
				CLANG_WARN_NON_LITERAL_NULL_CONVERSION = YES;
				CLANG_WARN_OBJC_LITERAL_CONVERSION = YES;
				CLANG_WARN_OBJC_ROOT_CLASS = YES_ERROR;
				CLANG_WARN_RANGE_LOOP_ANALYSIS = YES;
				CLANG_WARN_STRICT_PROTOTYPES = YES;
				CLANG_WARN_SUSPICIOUS_MOVE = YES;
				CLANG_WARN_UNGUARDED_AVAILABILITY = YES_AGGRESSIVE;
				CLANG_WARN_UNREACHABLE_CODE = YES;
				CLANG_WARN__DUPLICATE_METHOD_MATCH = YES;
				CODE_SIGN_IDENTITY = "iPhone Developer";
				COPY_PHASE_STRIP = NO;
				DEBUG_INFORMATION_FORMAT = "dwarf-with-dsym";
				ENABLE_NS_ASSERTIONS = NO;
				ENABLE_STRICT_OBJC_MSGSEND = YES;
				GCC_C_LANGUAGE_STANDARD = gnu11;
				GCC_NO_COMMON_BLOCKS = YES;
				GCC_WARN_64_TO_32_BIT_CONVERSION = YES;
				GCC_WARN_ABOUT_RETURN_TYPE = YES_ERROR;
				GCC_WARN_UNDECLARED_SELECTOR = YES;
				GCC_WARN_UNINITIALIZED_AUTOS = YES_AGGRESSIVE;
				GCC_WARN_UNUSED_FUNCTION = YES;
				GCC_WARN_UNUSED_VARIABLE = YES;
				IPHONEOS_DEPLOYMENT_TARGET = 11.2;
				MTL_ENABLE_DEBUG_INFO = NO;
				SDKROOT = iphoneos;
				SWIFT_OPTIMIZATION_LEVEL = "-Owholemodule";
				VALIDATE_PRODUCT = YES;
			};
			name = Release;
		};
		5480BD0E200410EB00171C61 /* Debug */ = {
			isa = XCBuildConfiguration;
			baseConfigurationReference = A2D4A7C88D1AA842C58CBCF1 /* Pods-Instagram-Clone.debug.xcconfig */;
			buildSettings = {
				ASSETCATALOG_COMPILER_APPICON_NAME = AppIcon;
				CODE_SIGN_STYLE = Automatic;
				DEVELOPMENT_TEAM = 7RQ63Y5MYM;
				INFOPLIST_FILE = "Instagram-Clone/Info.plist";
				LD_RUNPATH_SEARCH_PATHS = "$(inherited) @executable_path/Frameworks";
				PRODUCT_BUNDLE_IDENTIFIER = "com.ahmadzada.Instagram-Clone";
				PRODUCT_NAME = "$(TARGET_NAME)";
				SWIFT_VERSION = 4.0;
				TARGETED_DEVICE_FAMILY = "1,2";
			};
			name = Debug;
		};
		5480BD0F200410EB00171C61 /* Release */ = {
			isa = XCBuildConfiguration;
			baseConfigurationReference = 2C3A9F31DF931F5DE130E874 /* Pods-Instagram-Clone.release.xcconfig */;
			buildSettings = {
				ASSETCATALOG_COMPILER_APPICON_NAME = AppIcon;
				CODE_SIGN_STYLE = Automatic;
				DEVELOPMENT_TEAM = 7RQ63Y5MYM;
				INFOPLIST_FILE = "Instagram-Clone/Info.plist";
				LD_RUNPATH_SEARCH_PATHS = "$(inherited) @executable_path/Frameworks";
				PRODUCT_BUNDLE_IDENTIFIER = "com.ahmadzada.Instagram-Clone";
				PRODUCT_NAME = "$(TARGET_NAME)";
				SWIFT_VERSION = 4.0;
				TARGETED_DEVICE_FAMILY = "1,2";
			};
			name = Release;
		};
/* End XCBuildConfiguration section */

/* Begin XCConfigurationList section */
		5480BCF6200410EB00171C61 /* Build configuration list for PBXProject "Instagram-Clone" */ = {
			isa = XCConfigurationList;
			buildConfigurations = (
				5480BD0B200410EB00171C61 /* Debug */,
				5480BD0C200410EB00171C61 /* Release */,
			);
			defaultConfigurationIsVisible = 0;
			defaultConfigurationName = Release;
		};
		5480BD0D200410EB00171C61 /* Build configuration list for PBXNativeTarget "Instagram-Clone" */ = {
			isa = XCConfigurationList;
			buildConfigurations = (
				5480BD0E200410EB00171C61 /* Debug */,
				5480BD0F200410EB00171C61 /* Release */,
			);
			defaultConfigurationIsVisible = 0;
			defaultConfigurationName = Release;
		};
/* End XCConfigurationList section */
	};
	rootObject = 5480BCF3200410EB00171C61 /* Project object */;
}
